
Microsoft Visual Studio Solution File, Format Version 12.00
# Visual Studio 15
VisualStudioVersion = 15.0.28010.2048
MinimumVisualStudioVersion = 10.0.40219.1
Project("{FAE04EC0-301F-11D3-BF4B-00C04F79EFBC}") = "ADALGraph", "ADALGraph.csproj", "{F09B0984-E954-4388-937F-91B95392C54E}"
EndProject
Global
	GlobalSection(SolutionConfigurationPlatforms) = preSolution
		Debug|Any CPU = Debug|Any CPU
		Release|Any CPU = Release|Any CPU
	EndGlobalSection
	GlobalSection(ProjectConfigurationPlatforms) = postSolution
		{F09B0984-E954-4388-937F-91B95392C54E}.Debug|Any CPU.ActiveCfg = Debug|Any CPU
		{F09B0984-E954-4388-937F-91B95392C54E}.Debug|Any CPU.Build.0 = Debug|Any CPU
		{F09B0984-E954-4388-937F-91B95392C54E}.Release|Any CPU.ActiveCfg = Release|Any CPU
		{F09B0984-E954-4388-937F-91B95392C54E}.Release|Any CPU.Build.0 = Release|Any CPU
	EndGlobalSection
	GlobalSection(SolutionProperties) = preSolution
		HideSolutionNode = FALSE
	EndGlobalSection
	GlobalSection(ExtensibilityGlobals) = postSolution
		SolutionGuid = {6DE316C7-62A0-4B82-8C62-4335225490C8}
	EndGlobalSection
EndGlobal
