
Microsoft Visual Studio Solution File, Format Version 12.00
# Visual Studio 14
VisualStudioVersion = 14.0.24720.0
MinimumVisualStudioVersion = 10.0.40219.1
Project("{FAE04EC0-301F-11D3-BF4B-00C04F79EFBC}") = "DemoApp", "DemoApp\DemoApp.csproj", "{9394DFD4-88BD-4A0C-B75F-FBA963A7AC04}"
EndProject
Project("{FAE04EC0-301F-11D3-BF4B-00C04F79EFBC}") = "DemoAppWeb", "DemoAppWeb\DemoAppWeb.csproj", "{E7E03FCE-6080-466A-BC95-A94C50D1E03B}"
EndProject
Project("{FAE04EC0-301F-11D3-BF4B-00C04F79EFBC}") = "SPAppHelper", "SPAppHelper.cs\SPAppHelper.csproj", "{1AFCA1D6-3185-4A96-93C4-CCB19CA69BDC}"
EndProject
Global
	GlobalSection(SolutionConfigurationPlatforms) = preSolution
		Debug|Any CPU = Debug|Any CPU
		Release|Any CPU = Release|Any CPU
	EndGlobalSection
	GlobalSection(ProjectConfigurationPlatforms) = postSolution
		{9394DFD4-88BD-4A0C-B75F-FBA963A7AC04}.Debug|Any CPU.ActiveCfg = Debug|Any CPU
		{9394DFD4-88BD-4A0C-B75F-FBA963A7AC04}.Debug|Any CPU.Build.0 = Debug|Any CPU
		{9394DFD4-88BD-4A0C-B75F-FBA963A7AC04}.Debug|Any CPU.Deploy.0 = Debug|Any CPU
		{9394DFD4-88BD-4A0C-B75F-FBA963A7AC04}.Release|Any CPU.ActiveCfg = Release|Any CPU
		{9394DFD4-88BD-4A0C-B75F-FBA963A7AC04}.Release|Any CPU.Build.0 = Release|Any CPU
		{9394DFD4-88BD-4A0C-B75F-FBA963A7AC04}.Release|Any CPU.Deploy.0 = Release|Any CPU
		{E7E03FCE-6080-466A-BC95-A94C50D1E03B}.Debug|Any CPU.ActiveCfg = Debug|Any CPU
		{E7E03FCE-6080-466A-BC95-A94C50D1E03B}.Debug|Any CPU.Build.0 = Debug|Any CPU
		{E7E03FCE-6080-466A-BC95-A94C50D1E03B}.Release|Any CPU.ActiveCfg = Release|Any CPU
		{E7E03FCE-6080-466A-BC95-A94C50D1E03B}.Release|Any CPU.Build.0 = Release|Any CPU
		{1AFCA1D6-3185-4A96-93C4-CCB19CA69BDC}.Debug|Any CPU.ActiveCfg = Debug|Any CPU
		{1AFCA1D6-3185-4A96-93C4-CCB19CA69BDC}.Debug|Any CPU.Build.0 = Debug|Any CPU
		{1AFCA1D6-3185-4A96-93C4-CCB19CA69BDC}.Release|Any CPU.ActiveCfg = Release|Any CPU
		{1AFCA1D6-3185-4A96-93C4-CCB19CA69BDC}.Release|Any CPU.Build.0 = Release|Any CPU
	EndGlobalSection
	GlobalSection(SolutionProperties) = preSolution
		HideSolutionNode = FALSE
	EndGlobalSection
EndGlobal
