
Microsoft Visual Studio Solution File, Format Version 12.00
# Visual Studio 14
VisualStudioVersion = 14.0.25420.1
MinimumVisualStudioVersion = 10.0.40219.1
Project("{FAE04EC0-301F-11D3-BF4B-00C04F79EFBC}") = "DemoHighTrustConsole", "DemoHighTrustConsole\DemoHighTrustConsole.csproj", "{D36934F0-96CE-4965-A066-B9EBEA3612FB}"
EndProject
Global
	GlobalSection(SolutionConfigurationPlatforms) = preSolution
		Debug|Any CPU = Debug|Any CPU
		Release|Any CPU = Release|Any CPU
	EndGlobalSection
	GlobalSection(ProjectConfigurationPlatforms) = postSolution
		{D36934F0-96CE-4965-A066-B9EBEA3612FB}.Debug|Any CPU.ActiveCfg = Debug|Any CPU
		{D36934F0-96CE-4965-A066-B9EBEA3612FB}.Debug|Any CPU.Build.0 = Debug|Any CPU
		{D36934F0-96CE-4965-A066-B9EBEA3612FB}.Release|Any CPU.ActiveCfg = Release|Any CPU
		{D36934F0-96CE-4965-A066-B9EBEA3612FB}.Release|Any CPU.Build.0 = Release|Any CPU
	EndGlobalSection
	GlobalSection(SolutionProperties) = preSolution
		HideSolutionNode = FALSE
	EndGlobalSection
EndGlobal
